
Microsoft Visual Studio Solution File, Format Version 12.00
# Visual Studio Version 17
VisualStudioVersion = 17.0.32112.339
MinimumVisualStudioVersion = 10.0.40219.1
Project("{9A19103F-16F7-4668-BE54-9A1E7A4F7556}") = "TimeApi.Console", "TimeApi.Console\TimeApi.Console.csproj", "{B2D79CD3-2214-4972-89D2-C2D81CABDE4D}"
EndProject
Project("{9A19103F-16F7-4668-BE54-9A1E7A4F7556}") = "TimeApi.Angular.Test1", "TimeApi.Angular.Test1\TimeApi.Angular.Test1.csproj", "{706F8BDD-9BBF-4D3F-9530-D72E507D2159}"
EndProject
Project("{FAE04EC0-301F-11D3-BF4B-00C04F79EFBC}") = "TimeApi.TodoApi", "TimeApi.TodoApi\TimeApi.TodoApi.csproj", "{C4973505-DBDC-413F-9B68-FD00DA56C4C9}"
EndProject
Global
	GlobalSection(SolutionConfigurationPlatforms) = preSolution
		Debug|Any CPU = Debug|Any CPU
		Release|Any CPU = Release|Any CPU
	EndGlobalSection
	GlobalSection(ProjectConfigurationPlatforms) = postSolution
		{B2D79CD3-2214-4972-89D2-C2D81CABDE4D}.Debug|Any CPU.ActiveCfg = Debug|Any CPU
		{B2D79CD3-2214-4972-89D2-C2D81CABDE4D}.Debug|Any CPU.Build.0 = Debug|Any CPU
		{B2D79CD3-2214-4972-89D2-C2D81CABDE4D}.Release|Any CPU.ActiveCfg = Release|Any CPU
		{B2D79CD3-2214-4972-89D2-C2D81CABDE4D}.Release|Any CPU.Build.0 = Release|Any CPU
		{706F8BDD-9BBF-4D3F-9530-D72E507D2159}.Debug|Any CPU.ActiveCfg = Debug|Any CPU
		{706F8BDD-9BBF-4D3F-9530-D72E507D2159}.Debug|Any CPU.Build.0 = Debug|Any CPU
		{706F8BDD-9BBF-4D3F-9530-D72E507D2159}.Release|Any CPU.ActiveCfg = Release|Any CPU
		{706F8BDD-9BBF-4D3F-9530-D72E507D2159}.Release|Any CPU.Build.0 = Release|Any CPU
		{C4973505-DBDC-413F-9B68-FD00DA56C4C9}.Debug|Any CPU.ActiveCfg = Debug|Any CPU
		{C4973505-DBDC-413F-9B68-FD00DA56C4C9}.Debug|Any CPU.Build.0 = Debug|Any CPU
		{C4973505-DBDC-413F-9B68-FD00DA56C4C9}.Release|Any CPU.ActiveCfg = Release|Any CPU
		{C4973505-DBDC-413F-9B68-FD00DA56C4C9}.Release|Any CPU.Build.0 = Release|Any CPU
	EndGlobalSection
	GlobalSection(SolutionProperties) = preSolution
		HideSolutionNode = FALSE
	EndGlobalSection
	GlobalSection(ExtensibilityGlobals) = postSolution
		SolutionGuid = {1810D180-2768-4A26-9608-7FCCA49D9431}
	EndGlobalSection
EndGlobal
